
Microsoft Visual Studio Solution File, Format Version 12.00
# Visual Studio 15
VisualStudioVersion = 15.0.28307.136
MinimumVisualStudioVersion = 10.0.40219.1
Project("{FAE04EC0-301F-11D3-BF4B-00C04F79EFBC}") = "MSTestMoqExample", "MSTestMoqExample\MSTestMoqExample.csproj", "{D127DD4D-F2AD-49D2-90F9-A859C3C9A28B}"
EndProject
Project("{FAE04EC0-301F-11D3-BF4B-00C04F79EFBC}") = "MSTestMoqExampleTests", "MSTestMoqExampleTests\MSTestMoqExampleTests.csproj", "{09B04E56-25C5-4011-9214-33B58C244B20}"
EndProject
Global
	GlobalSection(SolutionConfigurationPlatforms) = preSolution
		Debug|Any CPU = Debug|Any CPU
		Release|Any CPU = Release|Any CPU
	EndGlobalSection
	GlobalSection(ProjectConfigurationPlatforms) = postSolution
		{D127DD4D-F2AD-49D2-90F9-A859C3C9A28B}.Debug|Any CPU.ActiveCfg = Debug|Any CPU
		{D127DD4D-F2AD-49D2-90F9-A859C3C9A28B}.Debug|Any CPU.Build.0 = Debug|Any CPU
		{D127DD4D-F2AD-49D2-90F9-A859C3C9A28B}.Release|Any CPU.ActiveCfg = Release|Any CPU
		{D127DD4D-F2AD-49D2-90F9-A859C3C9A28B}.Release|Any CPU.Build.0 = Release|Any CPU
		{09B04E56-25C5-4011-9214-33B58C244B20}.Debug|Any CPU.ActiveCfg = Debug|Any CPU
		{09B04E56-25C5-4011-9214-33B58C244B20}.Debug|Any CPU.Build.0 = Debug|Any CPU
		{09B04E56-25C5-4011-9214-33B58C244B20}.Release|Any CPU.ActiveCfg = Release|Any CPU
		{09B04E56-25C5-4011-9214-33B58C244B20}.Release|Any CPU.Build.0 = Release|Any CPU
	EndGlobalSection
	GlobalSection(SolutionProperties) = preSolution
		HideSolutionNode = FALSE
	EndGlobalSection
	GlobalSection(ExtensibilityGlobals) = postSolution
		SolutionGuid = {8CC80033-852A-4295-8611-D0964BC6C901}
	EndGlobalSection
EndGlobal
